// !$*UTF8*$!
{
	archiveVersion = 1;
	classes = {
	};
	objectVersion = 51;
	objects = {

/* Begin PBXBuildFile section */
		8B18A23ABB993D0075943EE8 /* Pods_MyFirstApp.framework in Frameworks */ = {isa = PBXBuildFile; fileRef = 7B3B2622406304E68C691FB4 /* Pods_MyFirstApp.framework */; };
		DC27F12422CE27DF00B4AC31 /* LoginController.swift in Sources */ = {isa = PBXBuildFile; fileRef = DC27F12322CE27DF00B4AC31 /* LoginController.swift */; };
		DC8B48BA22CDBDD90020DBCB /* AppDelegate.swift in Sources */ = {isa = PBXBuildFile; fileRef = DC8B48B922CDBDD90020DBCB /* AppDelegate.swift */; };
		DC8B48C122CDBDDA0020DBCB /* Assets.xcassets in Resources */ = {isa = PBXBuildFile; fileRef = DC8B48C022CDBDDA0020DBCB /* Assets.xcassets */; };
		DC8B48C422CDBDDA0020DBCB /* LaunchScreen.storyboard in Resources */ = {isa = PBXBuildFile; fileRef = DC8B48C222CDBDDA0020DBCB /* LaunchScreen.storyboard */; };
		DC8B48D122CDC3B80020DBCB /* Scene.swift in Sources */ = {isa = PBXBuildFile; fileRef = DC8B48CB22CDC3B80020DBCB /* Scene.swift */; };
		DC8B48D222CDC3B80020DBCB /* TableView.swift in Sources */ = {isa = PBXBuildFile; fileRef = DC8B48CC22CDC3B80020DBCB /* TableView.swift */; };
		DC8B48D322CDC3B80020DBCB /* CollectionView.swift in Sources */ = {isa = PBXBuildFile; fileRef = DC8B48CD22CDC3B80020DBCB /* CollectionView.swift */; };
		DC8B48D422CDC3B80020DBCB /* Protocols.swift in Sources */ = {isa = PBXBuildFile; fileRef = DC8B48CE22CDC3B80020DBCB /* Protocols.swift */; };
		DC8B48D522CDC3B80020DBCB /* Extensions.swift in Sources */ = {isa = PBXBuildFile; fileRef = DC8B48CF22CDC3B80020DBCB /* Extensions.swift */; };
		DC8B48D622CDC3B80020DBCB /* ViewController.swift in Sources */ = {isa = PBXBuildFile; fileRef = DC8B48D022CDC3B80020DBCB /* ViewController.swift */; };
		DC8B48D922CDC4320020DBCB /* HomeController.swift in Sources */ = {isa = PBXBuildFile; fileRef = DC8B48D822CDC4320020DBCB /* HomeController.swift */; };
/* End PBXBuildFile section */

/* Begin PBXFileReference section */
		1EEB1F030222A93C65241945 /* Pods-MyFirstApp.release.xcconfig */ = {isa = PBXFileReference; includeInIndex = 1; lastKnownFileType = text.xcconfig; name = "Pods-MyFirstApp.release.xcconfig"; path = "Target Support Files/Pods-MyFirstApp/Pods-MyFirstApp.release.xcconfig"; sourceTree = "<group>"; };
		7B3B2622406304E68C691FB4 /* Pods_MyFirstApp.framework */ = {isa = PBXFileReference; explicitFileType = wrapper.framework; includeInIndex = 0; path = Pods_MyFirstApp.framework; sourceTree = BUILT_PRODUCTS_DIR; };
		C59501B9487EEFAB682D0EBD /* Pods-MyFirstApp.debug.xcconfig */ = {isa = PBXFileReference; includeInIndex = 1; lastKnownFileType = text.xcconfig; name = "Pods-MyFirstApp.debug.xcconfig"; path = "Target Support Files/Pods-MyFirstApp/Pods-MyFirstApp.debug.xcconfig"; sourceTree = "<group>"; };
		DC27F12322CE27DF00B4AC31 /* LoginController.swift */ = {isa = PBXFileReference; lastKnownFileType = sourcecode.swift; path = LoginController.swift; sourceTree = "<group>"; };
		DC8B48B622CDBDD90020DBCB /* MyFirstApp.app */ = {isa = PBXFileReference; explicitFileType = wrapper.application; includeInIndex = 0; path = MyFirstApp.app; sourceTree = BUILT_PRODUCTS_DIR; };
		DC8B48B922CDBDD90020DBCB /* AppDelegate.swift */ = {isa = PBXFileReference; lastKnownFileType = sourcecode.swift; path = AppDelegate.swift; sourceTree = "<group>"; };
		DC8B48C022CDBDDA0020DBCB /* Assets.xcassets */ = {isa = PBXFileReference; lastKnownFileType = folder.assetcatalog; path = Assets.xcassets; sourceTree = "<group>"; };
		DC8B48C322CDBDDA0020DBCB /* Base */ = {isa = PBXFileReference; lastKnownFileType = file.storyboard; name = Base; path = Base.lproj/LaunchScreen.storyboard; sourceTree = "<group>"; };
		DC8B48C522CDBDDB0020DBCB /* Info.plist */ = {isa = PBXFileReference; lastKnownFileType = text.plist.xml; path = Info.plist; sourceTree = "<group>"; };
		DC8B48CB22CDC3B80020DBCB /* Scene.swift */ = {isa = PBXFileReference; fileEncoding = 4; lastKnownFileType = sourcecode.swift; path = Scene.swift; sourceTree = "<group>"; };
		DC8B48CC22CDC3B80020DBCB /* TableView.swift */ = {isa = PBXFileReference; fileEncoding = 4; lastKnownFileType = sourcecode.swift; path = TableView.swift; sourceTree = "<group>"; };
		DC8B48CD22CDC3B80020DBCB /* CollectionView.swift */ = {isa = PBXFileReference; fileEncoding = 4; lastKnownFileType = sourcecode.swift; path = CollectionView.swift; sourceTree = "<group>"; };
		DC8B48CE22CDC3B80020DBCB /* Protocols.swift */ = {isa = PBXFileReference; fileEncoding = 4; lastKnownFileType = sourcecode.swift; path = Protocols.swift; sourceTree = "<group>"; };
		DC8B48CF22CDC3B80020DBCB /* Extensions.swift */ = {isa = PBXFileReference; fileEncoding = 4; lastKnownFileType = sourcecode.swift; path = Extensions.swift; sourceTree = "<group>"; };
		DC8B48D022CDC3B80020DBCB /* ViewController.swift */ = {isa = PBXFileReference; fileEncoding = 4; lastKnownFileType = sourcecode.swift; path = ViewController.swift; sourceTree = "<group>"; };
		DC8B48D822CDC4320020DBCB /* HomeController.swift */ = {isa = PBXFileReference; lastKnownFileType = sourcecode.swift; path = HomeController.swift; sourceTree = "<group>"; };
/* End PBXFileReference section */

/* Begin PBXFrameworksBuildPhase section */
		DC8B48B322CDBDD90020DBCB /* Frameworks */ = {
			isa = PBXFrameworksBuildPhase;
			buildActionMask = 2147483647;
			files = (
				8B18A23ABB993D0075943EE8 /* Pods_MyFirstApp.framework in Frameworks */,
			);
			runOnlyForDeploymentPostprocessing = 0;
		};
/* End PBXFrameworksBuildPhase section */

/* Begin PBXGroup section */
		D68DEFED3DAF71FA28928D45 /* Frameworks */ = {
			isa = PBXGroup;
			children = (
				7B3B2622406304E68C691FB4 /* Pods_MyFirstApp.framework */,
			);
			name = Frameworks;
			sourceTree = "<group>";
		};
		DC8B48AD22CDBDD90020DBCB = {
			isa = PBXGroup;
			children = (
				DC8B48B822CDBDD90020DBCB /* MyFirstApp */,
				DC8B48B722CDBDD90020DBCB /* Products */,
				FB93669907E70C575175632F /* Pods */,
				D68DEFED3DAF71FA28928D45 /* Frameworks */,
			);
			sourceTree = "<group>";
		};
		DC8B48B722CDBDD90020DBCB /* Products */ = {
			isa = PBXGroup;
			children = (
				DC8B48B622CDBDD90020DBCB /* MyFirstApp.app */,
			);
			name = Products;
			sourceTree = "<group>";
		};
		DC8B48B822CDBDD90020DBCB /* MyFirstApp */ = {
			isa = PBXGroup;
			children = (
				DC27F12322CE27DF00B4AC31 /* LoginController.swift */,
				DC8B48B922CDBDD90020DBCB /* AppDelegate.swift */,
				DC8B48D822CDC4320020DBCB /* HomeController.swift */,
				DC8B48D722CDC4090020DBCB /* Common */,
				DC8B48C022CDBDDA0020DBCB /* Assets.xcassets */,
				DC8B48C222CDBDDA0020DBCB /* LaunchScreen.storyboard */,
				DC8B48C522CDBDDB0020DBCB /* Info.plist */,
			);
			path = MyFirstApp;
			sourceTree = "<group>";
		};
		DC8B48D722CDC4090020DBCB /* Common */ = {
			isa = PBXGroup;
			children = (
				DC8B48CD22CDC3B80020DBCB /* CollectionView.swift */,
				DC8B48CF22CDC3B80020DBCB /* Extensions.swift */,
				DC8B48CE22CDC3B80020DBCB /* Protocols.swift */,
				DC8B48CB22CDC3B80020DBCB /* Scene.swift */,
				DC8B48CC22CDC3B80020DBCB /* TableView.swift */,
				DC8B48D022CDC3B80020DBCB /* ViewController.swift */,
			);
			path = Common;
			sourceTree = "<group>";
		};
		FB93669907E70C575175632F /* Pods */ = {
			isa = PBXGroup;
			children = (
				C59501B9487EEFAB682D0EBD /* Pods-MyFirstApp.debug.xcconfig */,
				1EEB1F030222A93C65241945 /* Pods-MyFirstApp.release.xcconfig */,
			);
			path = Pods;
			sourceTree = "<group>";
		};
/* End PBXGroup section */

/* Begin PBXNativeTarget section */
		DC8B48B522CDBDD90020DBCB /* MyFirstApp */ = {
			isa = PBXNativeTarget;
			buildConfigurationList = DC8B48C822CDBDDB0020DBCB /* Build configuration list for PBXNativeTarget "MyFirstApp" */;
			buildPhases = (
				3B2340F59CAA931433B7550D /* [CP] Check Pods Manifest.lock */,
				DC8B48B222CDBDD90020DBCB /* Sources */,
				DC8B48B322CDBDD90020DBCB /* Frameworks */,
				DC8B48B422CDBDD90020DBCB /* Resources */,
				F48C2DA8C168FDB6E002F2C3 /* [CP] Embed Pods Frameworks */,
			);
			buildRules = (
			);
			dependencies = (
			);
			name = MyFirstApp;
			productName = MyFirstApp;
			productReference = DC8B48B622CDBDD90020DBCB /* MyFirstApp.app */;
			productType = "com.apple.product-type.application";
		};
/* End PBXNativeTarget section */

/* Begin PBXProject section */
		DC8B48AE22CDBDD90020DBCB /* Project object */ = {
			isa = PBXProject;
			attributes = {
				LastSwiftUpdateCheck = 1010;
				LastUpgradeCheck = 1010;
				ORGANIZATIONNAME = Prithvi;
				TargetAttributes = {
					DC8B48B522CDBDD90020DBCB = {
						CreatedOnToolsVersion = 10.1;
					};
				};
			};
			buildConfigurationList = DC8B48B122CDBDD90020DBCB /* Build configuration list for PBXProject "MyFirstApp" */;
			compatibilityVersion = "Xcode 9.3";
			developmentRegion = en;
			hasScannedForEncodings = 0;
			knownRegions = (
				en,
				Base,
			);
			mainGroup = DC8B48AD22CDBDD90020DBCB;
			productRefGroup = DC8B48B722CDBDD90020DBCB /* Products */;
			projectDirPath = "";
			projectRoot = "";
			targets = (
				DC8B48B522CDBDD90020DBCB /* MyFirstApp */,
			);
		};
/* End PBXProject section */

/* Begin PBXResourcesBuildPhase section */
		DC8B48B422CDBDD90020DBCB /* Resources */ = {
			isa = PBXResourcesBuildPhase;
			buildActionMask = 2147483647;
			files = (
				DC8B48C422CDBDDA0020DBCB /* LaunchScreen.storyboard in Resources */,
				DC8B48C122CDBDDA0020DBCB /* Assets.xcassets in Resources */,
			);
			runOnlyForDeploymentPostprocessing = 0;
		};
/* End PBXResourcesBuildPhase section */

/* Begin PBXShellScriptBuildPhase section */
		3B2340F59CAA931433B7550D /* [CP] Check Pods Manifest.lock */ = {
			isa = PBXShellScriptBuildPhase;
			buildActionMask = 2147483647;
			files = (
			);
			inputFileListPaths = (
			);
			inputPaths = (
				"${PODS_PODFILE_DIR_PATH}/Podfile.lock",
				"${PODS_ROOT}/Manifest.lock",
			);
			name = "[CP] Check Pods Manifest.lock";
			outputFileListPaths = (
			);
			outputPaths = (
				"$(DERIVED_FILE_DIR)/Pods-MyFirstApp-checkManifestLockResult.txt",
			);
			runOnlyForDeploymentPostprocessing = 0;
			shellPath = /bin/sh;
			shellScript = "diff \"${PODS_PODFILE_DIR_PATH}/Podfile.lock\" \"${PODS_ROOT}/Manifest.lock\" > /dev/null\nif [ $? != 0 ] ; then\n    # print error to STDERR\n    echo \"error: The sandbox is not in sync with the Podfile.lock. Run 'pod install' or update your CocoaPods installation.\" >&2\n    exit 1\nfi\n# This output is used by Xcode 'outputs' to avoid re-running this script phase.\necho \"SUCCESS\" > \"${SCRIPT_OUTPUT_FILE_0}\"\n";
			showEnvVarsInLog = 0;
		};
		F48C2DA8C168FDB6E002F2C3 /* [CP] Embed Pods Frameworks */ = {
			isa = PBXShellScriptBuildPhase;
			buildActionMask = 2147483647;
			files = (
			);
			inputFileListPaths = (
				"${PODS_ROOT}/Target Support Files/Pods-MyFirstApp/Pods-MyFirstApp-frameworks-${CONFIGURATION}-input-files.xcfilelist",
			);
			name = "[CP] Embed Pods Frameworks";
			outputFileListPaths = (
				"${PODS_ROOT}/Target Support Files/Pods-MyFirstApp/Pods-MyFirstApp-frameworks-${CONFIGURATION}-output-files.xcfilelist",
			);
			runOnlyForDeploymentPostprocessing = 0;
			shellPath = /bin/sh;
			shellScript = "\"${PODS_ROOT}/Target Support Files/Pods-MyFirstApp/Pods-MyFirstApp-frameworks.sh\"\n";
			showEnvVarsInLog = 0;
		};
/* End PBXShellScriptBuildPhase section */

/* Begin PBXSourcesBuildPhase section */
		DC8B48B222CDBDD90020DBCB /* Sources */ = {
			isa = PBXSourcesBuildPhase;
			buildActionMask = 2147483647;
			files = (
				DC8B48D422CDC3B80020DBCB /* Protocols.swift in Sources */,
				DC8B48D522CDC3B80020DBCB /* Extensions.swift in Sources */,
				DC8B48D122CDC3B80020DBCB /* Scene.swift in Sources */,
				DC8B48D222CDC3B80020DBCB /* TableView.swift in Sources */,
				DC27F12422CE27DF00B4AC31 /* LoginController.swift in Sources */,
				DC8B48D922CDC4320020DBCB /* HomeController.swift in Sources */,
				DC8B48D622CDC3B80020DBCB /* ViewController.swift in Sources */,
				DC8B48D322CDC3B80020DBCB /* CollectionView.swift in Sources */,
				DC8B48BA22CDBDD90020DBCB /* AppDelegate.swift in Sources */,
			);
			runOnlyForDeploymentPostprocessing = 0;
		};
/* End PBXSourcesBuildPhase section */

/* Begin PBXVariantGroup section */
		DC8B48C222CDBDDA0020DBCB /* LaunchScreen.storyboard */ = {
			isa = PBXVariantGroup;
			children = (
				DC8B48C322CDBDDA0020DBCB /* Base */,
			);
			name = LaunchScreen.storyboard;
			sourceTree = "<group>";
		};
/* End PBXVariantGroup section */

/* Begin XCBuildConfiguration section */
		DC8B48C622CDBDDB0020DBCB /* Debug */ = {
			isa = XCBuildConfiguration;
			buildSettings = {
				ALWAYS_SEARCH_USER_PATHS = NO;
				CLANG_ANALYZER_NONNULL = YES;
				CLANG_ANALYZER_NUMBER_OBJECT_CONVERSION = YES_AGGRESSIVE;
				CLANG_CXX_LANGUAGE_STANDARD = "gnu++14";
				CLANG_CXX_LIBRARY = "libc++";
				CLANG_ENABLE_MODULES = YES;
				CLANG_ENABLE_OBJC_ARC = YES;
				CLANG_ENABLE_OBJC_WEAK = YES;
				CLANG_WARN_BLOCK_CAPTURE_AUTORELEASING = YES;
				CLANG_WARN_BOOL_CONVERSION = YES;
				CLANG_WARN_COMMA = YES;
				CLANG_WARN_CONSTANT_CONVERSION = YES;
				CLANG_WARN_DEPRECATED_OBJC_IMPLEMENTATIONS = YES;
				CLANG_WARN_DIRECT_OBJC_ISA_USAGE = YES_ERROR;
				CLANG_WARN_DOCUMENTATION_COMMENTS = YES;
				CLANG_WARN_EMPTY_BODY = YES;
				CLANG_WARN_ENUM_CONVERSION = YES;
				CLANG_WARN_INFINITE_RECURSION = YES;
				CLANG_WARN_INT_CONVERSION = YES;
				CLANG_WARN_NON_LITERAL_NULL_CONVERSION = YES;
				CLANG_WARN_OBJC_IMPLICIT_RETAIN_SELF = YES;
				CLANG_WARN_OBJC_LITERAL_CONVERSION = YES;
				CLANG_WARN_OBJC_ROOT_CLASS = YES_ERROR;
				CLANG_WARN_RANGE_LOOP_ANALYSIS = YES;
				CLANG_WARN_STRICT_PROTOTYPES = YES;
				CLANG_WARN_SUSPICIOUS_MOVE = YES;
				CLANG_WARN_UNGUARDED_AVAILABILITY = YES_AGGRESSIVE;
				CLANG_WARN_UNREACHABLE_CODE = YES;
				CLANG_WARN__DUPLICATE_METHOD_MATCH = YES;
				CODE_SIGN_IDENTITY = "iPhone Developer";
				COPY_PHASE_STRIP = NO;
				DEBUG_INFORMATION_FORMAT = dwarf;
				ENABLE_STRICT_OBJC_MSGSEND = YES;
				ENABLE_TESTABILITY = YES;
				GCC_C_LANGUAGE_STANDARD = gnu11;
				GCC_DYNAMIC_NO_PIC = NO;
				GCC_NO_COMMON_BLOCKS = YES;
				GCC_OPTIMIZATION_LEVEL = 0;
				GCC_PREPROCESSOR_DEFINITIONS = (
					"DEBUG=1",
					"$(inherited)",
				);
				GCC_WARN_64_TO_32_BIT_CONVERSION = YES;
				GCC_WARN_ABOUT_RETURN_TYPE = YES_ERROR;
				GCC_WARN_UNDECLARED_SELECTOR = YES;
				GCC_WARN_UNINITIALIZED_AUTOS = YES_AGGRESSIVE;
				GCC_WARN_UNUSED_FUNCTION = YES;
				GCC_WARN_UNUSED_VARIABLE = YES;
				IPHONEOS_DEPLOYMENT_TARGET = 12.1;
				MTL_ENABLE_DEBUG_INFO = INCLUDE_SOURCE;
				MTL_FAST_MATH = YES;
				ONLY_ACTIVE_ARCH = YES;
				SDKROOT = iphoneos;
				SWIFT_ACTIVE_COMPILATION_CONDITIONS = DEBUG;
				SWIFT_OPTIMIZATION_LEVEL = "-Onone";
			};
			name = Debug;
		};
		DC8B48C722CDBDDB0020DBCB /* Release */ = {
			isa = XCBuildConfiguration;
			buildSettings = {
				ALWAYS_SEARCH_USER_PATHS = NO;
				CLANG_ANALYZER_NONNULL = YES;
				CLANG_ANALYZER_NUMBER_OBJECT_CONVERSION = YES_AGGRESSIVE;
				CLANG_CXX_LANGUAGE_STANDARD = "gnu++14";
				CLANG_CXX_LIBRARY = "libc++";
				CLANG_ENABLE_MODULES = YES;
				CLANG_ENABLE_OBJC_ARC = YES;
				CLANG_ENABLE_OBJC_WEAK = YES;
				CLANG_WARN_BLOCK_CAPTURE_AUTORELEASING = YES;
				CLANG_WARN_BOOL_CONVERSION = YES;
				CLANG_WARN_COMMA = YES;
				CLANG_WARN_CONSTANT_CONVERSION = YES;
				CLANG_WARN_DEPRECATED_OBJC_IMPLEMENTATIONS = YES;
				CLANG_WARN_DIRECT_OBJC_ISA_USAGE = YES_ERROR;
				CLANG_WARN_DOCUMENTATION_COMMENTS = YES;
				CLANG_WARN_EMPTY_BODY = YES;
				CLANG_WARN_ENUM_CONVERSION = YES;
				CLANG_WARN_INFINITE_RECURSION = YES;
				CLANG_WARN_INT_CONVERSION = YES;
				CLANG_WARN_NON_LITERAL_NULL_CONVERSION = YES;
				CLANG_WARN_OBJC_IMPLICIT_RETAIN_SELF = YES;
				CLANG_WARN_OBJC_LITERAL_CONVERSION = YES;
				CLANG_WARN_OBJC_ROOT_CLASS = YES_ERROR;
				CLANG_WARN_RANGE_LOOP_ANALYSIS = YES;
				CLANG_WARN_STRICT_PROTOTYPES = YES;
				CLANG_WARN_SUSPICIOUS_MOVE = YES;
				CLANG_WARN_UNGUARDED_AVAILABILITY = YES_AGGRESSIVE;
				CLANG_WARN_UNREACHABLE_CODE = YES;
				CLANG_WARN__DUPLICATE_METHOD_MATCH = YES;
				CODE_SIGN_IDENTITY = "iPhone Developer";
				COPY_PHASE_STRIP = NO;
				DEBUG_INFORMATION_FORMAT = "dwarf-with-dsym";
				ENABLE_NS_ASSERTIONS = NO;
				ENABLE_STRICT_OBJC_MSGSEND = YES;
				GCC_C_LANGUAGE_STANDARD = gnu11;
				GCC_NO_COMMON_BLOCKS = YES;
				GCC_WARN_64_TO_32_BIT_CONVERSION = YES;
				GCC_WARN_ABOUT_RETURN_TYPE = YES_ERROR;
				GCC_WARN_UNDECLARED_SELECTOR = YES;
				GCC_WARN_UNINITIALIZED_AUTOS = YES_AGGRESSIVE;
				GCC_WARN_UNUSED_FUNCTION = YES;
				GCC_WARN_UNUSED_VARIABLE = YES;
				IPHONEOS_DEPLOYMENT_TARGET = 12.1;
				MTL_ENABLE_DEBUG_INFO = NO;
				MTL_FAST_MATH = YES;
				SDKROOT = iphoneos;
				SWIFT_COMPILATION_MODE = wholemodule;
				SWIFT_OPTIMIZATION_LEVEL = "-O";
				VALIDATE_PRODUCT = YES;
			};
			name = Release;
		};
		DC8B48C922CDBDDB0020DBCB /* Debug */ = {
			isa = XCBuildConfiguration;
			baseConfigurationReference = C59501B9487EEFAB682D0EBD /* Pods-MyFirstApp.debug.xcconfig */;
			buildSettings = {
				ASSETCATALOG_COMPILER_APPICON_NAME = AppIcon;
				CODE_SIGN_IDENTITY = "iPhone Developer";
				CODE_SIGN_STYLE = Automatic;
				DEVELOPMENT_TEAM = "";
				INFOPLIST_FILE = MyFirstApp/Info.plist;
				IPHONEOS_DEPLOYMENT_TARGET = 11.2;
				LD_RUNPATH_SEARCH_PATHS = (
					"$(inherited)",
					"@executable_path/Frameworks",
				);
				PRODUCT_BUNDLE_IDENTIFIER = com.demo.MyFirstApp;
				PRODUCT_NAME = "$(TARGET_NAME)";
				PROVISIONING_PROFILE_SPECIFIER = "";
				SWIFT_VERSION = 4.2;
				TARGETED_DEVICE_FAMILY = "1,2";
			};
			name = Debug;
		};
		DC8B48CA22CDBDDB0020DBCB /* Release */ = {
			isa = XCBuildConfiguration;
			baseConfigurationReference = 1EEB1F030222A93C65241945 /* Pods-MyFirstApp.release.xcconfig */;
			buildSettings = {
				ASSETCATALOG_COMPILER_APPICON_NAME = AppIcon;
				CODE_SIGN_IDENTITY = "iPhone Developer";
				CODE_SIGN_STYLE = Automatic;
				DEVELOPMENT_TEAM = "";
				INFOPLIST_FILE = MyFirstApp/Info.plist;
				IPHONEOS_DEPLOYMENT_TARGET = 11.2;
				LD_RUNPATH_SEARCH_PATHS = (
					"$(inherited)",
					"@executable_path/Frameworks",
				);
				PRODUCT_BUNDLE_IDENTIFIER = com.demo.MyFirstApp;
				PRODUCT_NAME = "$(TARGET_NAME)";
				PROVISIONING_PROFILE_SPECIFIER = "";
				SWIFT_VERSION = 4.2;
				TARGETED_DEVICE_FAMILY = "1,2";
			};
			name = Release;
		};
/* End XCBuildConfiguration section */

/* Begin XCConfigurationList section */
		DC8B48B122CDBDD90020DBCB /* Build configuration list for PBXProject "MyFirstApp" */ = {
			isa = XCConfigurationList;
			buildConfigurations = (
				DC8B48C622CDBDDB0020DBCB /* Debug */,
				DC8B48C722CDBDDB0020DBCB /* Release */,
			);
			defaultConfigurationIsVisible = 0;
			defaultConfigurationName = Release;
		};
		DC8B48C822CDBDDB0020DBCB /* Build configuration list for PBXNativeTarget "MyFirstApp" */ = {
			isa = XCConfigurationList;
			buildConfigurations = (
				DC8B48C922CDBDDB0020DBCB /* Debug */,
				DC8B48CA22CDBDDB0020DBCB /* Release */,
			);
			defaultConfigurationIsVisible = 0;
			defaultConfigurationName = Release;
		};
/* End XCConfigurationList section */
	};
	rootObject = DC8B48AE22CDBDD90020DBCB /* Project object */;
}
